
Microsoft Visual Studio Solution File, Format Version 12.00
# Visual Studio Version 16
VisualStudioVersion = 16.0.31321.278
MinimumVisualStudioVersion = 10.0.40219.1
Project("{FAE04EC0-301F-11D3-BF4B-00C04F79EFBC}") = "SobrecargaMetodos-G2-2022-II", "SobrecargaMetodos-G2-2022-II.csproj", "{91801B5A-6474-4F13-89FB-4EB87EA964B0}"
EndProject
Global
	GlobalSection(SolutionConfigurationPlatforms) = preSolution
		Debug|Any CPU = Debug|Any CPU
		Release|Any CPU = Release|Any CPU
	EndGlobalSection
	GlobalSection(ProjectConfigurationPlatforms) = postSolution
		{91801B5A-6474-4F13-89FB-4EB87EA964B0}.Debug|Any CPU.ActiveCfg = Debug|Any CPU
		{91801B5A-6474-4F13-89FB-4EB87EA964B0}.Debug|Any CPU.Build.0 = Debug|Any CPU
		{91801B5A-6474-4F13-89FB-4EB87EA964B0}.Release|Any CPU.ActiveCfg = Release|Any CPU
		{91801B5A-6474-4F13-89FB-4EB87EA964B0}.Release|Any CPU.Build.0 = Release|Any CPU
	EndGlobalSection
	GlobalSection(SolutionProperties) = preSolution
		HideSolutionNode = FALSE
	EndGlobalSection
	GlobalSection(ExtensibilityGlobals) = postSolution
		SolutionGuid = {98B94C32-BCB5-4678-8C25-2F1CEDB71229}
	EndGlobalSection
EndGlobal
